// !$*UTF8*$!
{
	archiveVersion = 1;
	classes = {
	};
	objectVersion = 55;
	objects = {

/* Begin PBXBuildFile section */
		55AB9CC6284750A4001DEF61 /* mininoteApp.swift in Sources */ = {isa = PBXBuildFile; fileRef = 55AB9CC5284750A4001DEF61 /* mininoteApp.swift */; };
		55AB9CC8284750A4001DEF61 /* ContentView.swift in Sources */ = {isa = PBXBuildFile; fileRef = 55AB9CC7284750A4001DEF61 /* ContentView.swift */; };
		55AB9CCA284750A6001DEF61 /* Assets.xcassets in Resources */ = {isa = PBXBuildFile; fileRef = 55AB9CC9284750A6001DEF61 /* Assets.xcassets */; };
		55AB9CCD284750A6001DEF61 /* Preview Assets.xcassets in Resources */ = {isa = PBXBuildFile; fileRef = 55AB9CCC284750A6001DEF61 /* Preview Assets.xcassets */; };
		55AB9CD628475553001DEF61 /* Folder.swift in Sources */ = {isa = PBXBuildFile; fileRef = 55AB9CD528475553001DEF61 /* Folder.swift */; };
		55AB9CD82847557D001DEF61 /* FolderManager.swift in Sources */ = {isa = PBXBuildFile; fileRef = 55AB9CD72847557D001DEF61 /* FolderManager.swift */; };
		55AB9CDA284755E5001DEF61 /* FolderRow.swift in Sources */ = {isa = PBXBuildFile; fileRef = 55AB9CD9284755E5001DEF61 /* FolderRow.swift */; };
		55AB9CDC28475A41001DEF61 /* NotesView.swift in Sources */ = {isa = PBXBuildFile; fileRef = 55AB9CDB28475A41001DEF61 /* NotesView.swift */; };
		55AB9CDE28475DDE001DEF61 /* NoteRow.swift in Sources */ = {isa = PBXBuildFile; fileRef = 55AB9CDD28475DDE001DEF61 /* NoteRow.swift */; };
		55AB9CE028475DEB001DEF61 /* Note.swift in Sources */ = {isa = PBXBuildFile; fileRef = 55AB9CDF28475DEB001DEF61 /* Note.swift */; };
		55AB9CE2284764E9001DEF61 /* NoteElement.swift in Sources */ = {isa = PBXBuildFile; fileRef = 55AB9CE1284764E9001DEF61 /* NoteElement.swift */; };
		55AB9CE42847C1C1001DEF61 /* SelectedNoteView.swift in Sources */ = {isa = PBXBuildFile; fileRef = 55AB9CE32847C1C1001DEF61 /* SelectedNoteView.swift */; };
/* End PBXBuildFile section */

/* Begin PBXFileReference section */
		55AB9CC2284750A4001DEF61 /* mininote.app */ = {isa = PBXFileReference; explicitFileType = wrapper.application; includeInIndex = 0; path = mininote.app; sourceTree = BUILT_PRODUCTS_DIR; };
		55AB9CC5284750A4001DEF61 /* mininoteApp.swift */ = {isa = PBXFileReference; lastKnownFileType = sourcecode.swift; path = mininoteApp.swift; sourceTree = "<group>"; };
		55AB9CC7284750A4001DEF61 /* ContentView.swift */ = {isa = PBXFileReference; lastKnownFileType = sourcecode.swift; path = ContentView.swift; sourceTree = "<group>"; };
		55AB9CC9284750A6001DEF61 /* Assets.xcassets */ = {isa = PBXFileReference; lastKnownFileType = folder.assetcatalog; path = Assets.xcassets; sourceTree = "<group>"; };
		55AB9CCC284750A6001DEF61 /* Preview Assets.xcassets */ = {isa = PBXFileReference; lastKnownFileType = folder.assetcatalog; path = "Preview Assets.xcassets"; sourceTree = "<group>"; };
		55AB9CD528475553001DEF61 /* Folder.swift */ = {isa = PBXFileReference; lastKnownFileType = sourcecode.swift; path = Folder.swift; sourceTree = "<group>"; };
		55AB9CD72847557D001DEF61 /* FolderManager.swift */ = {isa = PBXFileReference; lastKnownFileType = sourcecode.swift; path = FolderManager.swift; sourceTree = "<group>"; };
		55AB9CD9284755E5001DEF61 /* FolderRow.swift */ = {isa = PBXFileReference; lastKnownFileType = sourcecode.swift; path = FolderRow.swift; sourceTree = "<group>"; };
		55AB9CDB28475A41001DEF61 /* NotesView.swift */ = {isa = PBXFileReference; lastKnownFileType = sourcecode.swift; path = NotesView.swift; sourceTree = "<group>"; };
		55AB9CDD28475DDE001DEF61 /* NoteRow.swift */ = {isa = PBXFileReference; lastKnownFileType = sourcecode.swift; path = NoteRow.swift; sourceTree = "<group>"; };
		55AB9CDF28475DEB001DEF61 /* Note.swift */ = {isa = PBXFileReference; lastKnownFileType = sourcecode.swift; path = Note.swift; sourceTree = "<group>"; };
		55AB9CE1284764E9001DEF61 /* NoteElement.swift */ = {isa = PBXFileReference; lastKnownFileType = sourcecode.swift; path = NoteElement.swift; sourceTree = "<group>"; };
		55AB9CE32847C1C1001DEF61 /* SelectedNoteView.swift */ = {isa = PBXFileReference; lastKnownFileType = sourcecode.swift; path = SelectedNoteView.swift; sourceTree = "<group>"; };
/* End PBXFileReference section */

/* Begin PBXFrameworksBuildPhase section */
		55AB9CBF284750A4001DEF61 /* Frameworks */ = {
			isa = PBXFrameworksBuildPhase;
			buildActionMask = 2147483647;
			files = (
			);
			runOnlyForDeploymentPostprocessing = 0;
		};
/* End PBXFrameworksBuildPhase section */

/* Begin PBXGroup section */
		55AB9CB9284750A3001DEF61 = {
			isa = PBXGroup;
			children = (
				55AB9CC4284750A4001DEF61 /* mininote */,
				55AB9CC3284750A4001DEF61 /* Products */,
			);
			sourceTree = "<group>";
		};
		55AB9CC3284750A4001DEF61 /* Products */ = {
			isa = PBXGroup;
			children = (
				55AB9CC2284750A4001DEF61 /* mininote.app */,
			);
			name = Products;
			sourceTree = "<group>";
		};
		55AB9CC4284750A4001DEF61 /* mininote */ = {
			isa = PBXGroup;
			children = (
				55AB9CD42847553A001DEF61 /* View */,
				55AB9CD328475533001DEF61 /* Model */,
				55AB9CC5284750A4001DEF61 /* mininoteApp.swift */,
				55AB9CC9284750A6001DEF61 /* Assets.xcassets */,
				55AB9CCB284750A6001DEF61 /* Preview Content */,
			);
			path = mininote;
			sourceTree = "<group>";
		};
		55AB9CCB284750A6001DEF61 /* Preview Content */ = {
			isa = PBXGroup;
			children = (
				55AB9CCC284750A6001DEF61 /* Preview Assets.xcassets */,
			);
			path = "Preview Content";
			sourceTree = "<group>";
		};
		55AB9CD328475533001DEF61 /* Model */ = {
			isa = PBXGroup;
			children = (
				55AB9CD528475553001DEF61 /* Folder.swift */,
				55AB9CD72847557D001DEF61 /* FolderManager.swift */,
				55AB9CDF28475DEB001DEF61 /* Note.swift */,
				55AB9CE1284764E9001DEF61 /* NoteElement.swift */,
			);
			path = Model;
			sourceTree = "<group>";
		};
		55AB9CD42847553A001DEF61 /* View */ = {
			isa = PBXGroup;
			children = (
				55AB9CC7284750A4001DEF61 /* ContentView.swift */,
				55AB9CD9284755E5001DEF61 /* FolderRow.swift */,
				55AB9CDB28475A41001DEF61 /* NotesView.swift */,
				55AB9CDD28475DDE001DEF61 /* NoteRow.swift */,
				55AB9CE32847C1C1001DEF61 /* SelectedNoteView.swift */,
			);
			path = View;
			sourceTree = "<group>";
		};
/* End PBXGroup section */

/* Begin PBXNativeTarget section */
		55AB9CC1284750A4001DEF61 /* mininote */ = {
			isa = PBXNativeTarget;
			buildConfigurationList = 55AB9CD0284750A6001DEF61 /* Build configuration list for PBXNativeTarget "mininote" */;
			buildPhases = (
				55AB9CBE284750A4001DEF61 /* Sources */,
				55AB9CBF284750A4001DEF61 /* Frameworks */,
				55AB9CC0284750A4001DEF61 /* Resources */,
			);
			buildRules = (
			);
			dependencies = (
			);
			name = mininote;
			productName = mininote;
			productReference = 55AB9CC2284750A4001DEF61 /* mininote.app */;
			productType = "com.apple.product-type.application";
		};
/* End PBXNativeTarget section */

/* Begin PBXProject section */
		55AB9CBA284750A3001DEF61 /* Project object */ = {
			isa = PBXProject;
			attributes = {
				BuildIndependentTargetsInParallel = 1;
				LastSwiftUpdateCheck = 1340;
				LastUpgradeCheck = 1340;
				TargetAttributes = {
					55AB9CC1284750A4001DEF61 = {
						CreatedOnToolsVersion = 13.4;
					};
				};
			};
			buildConfigurationList = 55AB9CBD284750A3001DEF61 /* Build configuration list for PBXProject "mininote" */;
			compatibilityVersion = "Xcode 13.0";
			developmentRegion = en;
			hasScannedForEncodings = 0;
			knownRegions = (
				en,
				Base,
			);
			mainGroup = 55AB9CB9284750A3001DEF61;
			productRefGroup = 55AB9CC3284750A4001DEF61 /* Products */;
			projectDirPath = "";
			projectRoot = "";
			targets = (
				55AB9CC1284750A4001DEF61 /* mininote */,
			);
		};
/* End PBXProject section */

/* Begin PBXResourcesBuildPhase section */
		55AB9CC0284750A4001DEF61 /* Resources */ = {
			isa = PBXResourcesBuildPhase;
			buildActionMask = 2147483647;
			files = (
				55AB9CCD284750A6001DEF61 /* Preview Assets.xcassets in Resources */,
				55AB9CCA284750A6001DEF61 /* Assets.xcassets in Resources */,
			);
			runOnlyForDeploymentPostprocessing = 0;
		};
/* End PBXResourcesBuildPhase section */

/* Begin PBXSourcesBuildPhase section */
		55AB9CBE284750A4001DEF61 /* Sources */ = {
			isa = PBXSourcesBuildPhase;
			buildActionMask = 2147483647;
			files = (
				55AB9CC8284750A4001DEF61 /* ContentView.swift in Sources */,
				55AB9CE42847C1C1001DEF61 /* SelectedNoteView.swift in Sources */,
				55AB9CDE28475DDE001DEF61 /* NoteRow.swift in Sources */,
				55AB9CD82847557D001DEF61 /* FolderManager.swift in Sources */,
				55AB9CE028475DEB001DEF61 /* Note.swift in Sources */,
				55AB9CDC28475A41001DEF61 /* NotesView.swift in Sources */,
				55AB9CC6284750A4001DEF61 /* mininoteApp.swift in Sources */,
				55AB9CE2284764E9001DEF61 /* NoteElement.swift in Sources */,
				55AB9CD628475553001DEF61 /* Folder.swift in Sources */,
				55AB9CDA284755E5001DEF61 /* FolderRow.swift in Sources */,
			);
			runOnlyForDeploymentPostprocessing = 0;
		};
/* End PBXSourcesBuildPhase section */

/* Begin XCBuildConfiguration section */
		55AB9CCE284750A6001DEF61 /* Debug */ = {
			isa = XCBuildConfiguration;
			buildSettings = {
				ALWAYS_SEARCH_USER_PATHS = NO;
				CLANG_ANALYZER_NONNULL = YES;
				CLANG_ANALYZER_NUMBER_OBJECT_CONVERSION = YES_AGGRESSIVE;
				CLANG_CXX_LANGUAGE_STANDARD = "gnu++17";
				CLANG_ENABLE_MODULES = YES;
				CLANG_ENABLE_OBJC_ARC = YES;
				CLANG_ENABLE_OBJC_WEAK = YES;
				CLANG_WARN_BLOCK_CAPTURE_AUTORELEASING = YES;
				CLANG_WARN_BOOL_CONVERSION = YES;
				CLANG_WARN_COMMA = YES;
				CLANG_WARN_CONSTANT_CONVERSION = YES;
				CLANG_WARN_DEPRECATED_OBJC_IMPLEMENTATIONS = YES;
				CLANG_WARN_DIRECT_OBJC_ISA_USAGE = YES_ERROR;
				CLANG_WARN_DOCUMENTATION_COMMENTS = YES;
				CLANG_WARN_EMPTY_BODY = YES;
				CLANG_WARN_ENUM_CONVERSION = YES;
				CLANG_WARN_INFINITE_RECURSION = YES;
				CLANG_WARN_INT_CONVERSION = YES;
				CLANG_WARN_NON_LITERAL_NULL_CONVERSION = YES;
				CLANG_WARN_OBJC_IMPLICIT_RETAIN_SELF = YES;
				CLANG_WARN_OBJC_LITERAL_CONVERSION = YES;
				CLANG_WARN_OBJC_ROOT_CLASS = YES_ERROR;
				CLANG_WARN_QUOTED_INCLUDE_IN_FRAMEWORK_HEADER = YES;
				CLANG_WARN_RANGE_LOOP_ANALYSIS = YES;
				CLANG_WARN_STRICT_PROTOTYPES = YES;
				CLANG_WARN_SUSPICIOUS_MOVE = YES;
				CLANG_WARN_UNGUARDED_AVAILABILITY = YES_AGGRESSIVE;
				CLANG_WARN_UNREACHABLE_CODE = YES;
				CLANG_WARN__DUPLICATE_METHOD_MATCH = YES;
				COPY_PHASE_STRIP = NO;
				DEBUG_INFORMATION_FORMAT = dwarf;
				ENABLE_STRICT_OBJC_MSGSEND = YES;
				ENABLE_TESTABILITY = YES;
				GCC_C_LANGUAGE_STANDARD = gnu11;
				GCC_DYNAMIC_NO_PIC = NO;
				GCC_NO_COMMON_BLOCKS = YES;
				GCC_OPTIMIZATION_LEVEL = 0;
				GCC_PREPROCESSOR_DEFINITIONS = (
					"DEBUG=1",
					"$(inherited)",
				);
				GCC_WARN_64_TO_32_BIT_CONVERSION = YES;
				GCC_WARN_ABOUT_RETURN_TYPE = YES_ERROR;
				GCC_WARN_UNDECLARED_SELECTOR = YES;
				GCC_WARN_UNINITIALIZED_AUTOS = YES_AGGRESSIVE;
				GCC_WARN_UNUSED_FUNCTION = YES;
				GCC_WARN_UNUSED_VARIABLE = YES;
				IPHONEOS_DEPLOYMENT_TARGET = 15.0;
				MTL_ENABLE_DEBUG_INFO = INCLUDE_SOURCE;
				MTL_FAST_MATH = YES;
				ONLY_ACTIVE_ARCH = YES;
				SDKROOT = iphoneos;
				SWIFT_ACTIVE_COMPILATION_CONDITIONS = DEBUG;
				SWIFT_OPTIMIZATION_LEVEL = "-Onone";
			};
			name = Debug;
		};
		55AB9CCF284750A6001DEF61 /* Release */ = {
			isa = XCBuildConfiguration;
			buildSettings = {
				ALWAYS_SEARCH_USER_PATHS = NO;
				CLANG_ANALYZER_NONNULL = YES;
				CLANG_ANALYZER_NUMBER_OBJECT_CONVERSION = YES_AGGRESSIVE;
				CLANG_CXX_LANGUAGE_STANDARD = "gnu++17";
				CLANG_ENABLE_MODULES = YES;
				CLANG_ENABLE_OBJC_ARC = YES;
				CLANG_ENABLE_OBJC_WEAK = YES;
				CLANG_WARN_BLOCK_CAPTURE_AUTORELEASING = YES;
				CLANG_WARN_BOOL_CONVERSION = YES;
				CLANG_WARN_COMMA = YES;
				CLANG_WARN_CONSTANT_CONVERSION = YES;
				CLANG_WARN_DEPRECATED_OBJC_IMPLEMENTATIONS = YES;
				CLANG_WARN_DIRECT_OBJC_ISA_USAGE = YES_ERROR;
				CLANG_WARN_DOCUMENTATION_COMMENTS = YES;
				CLANG_WARN_EMPTY_BODY = YES;
				CLANG_WARN_ENUM_CONVERSION = YES;
				CLANG_WARN_INFINITE_RECURSION = YES;
				CLANG_WARN_INT_CONVERSION = YES;
				CLANG_WARN_NON_LITERAL_NULL_CONVERSION = YES;
				CLANG_WARN_OBJC_IMPLICIT_RETAIN_SELF = YES;
				CLANG_WARN_OBJC_LITERAL_CONVERSION = YES;
				CLANG_WARN_OBJC_ROOT_CLASS = YES_ERROR;
				CLANG_WARN_QUOTED_INCLUDE_IN_FRAMEWORK_HEADER = YES;
				CLANG_WARN_RANGE_LOOP_ANALYSIS = YES;
				CLANG_WARN_STRICT_PROTOTYPES = YES;
				CLANG_WARN_SUSPICIOUS_MOVE = YES;
				CLANG_WARN_UNGUARDED_AVAILABILITY = YES_AGGRESSIVE;
				CLANG_WARN_UNREACHABLE_CODE = YES;
				CLANG_WARN__DUPLICATE_METHOD_MATCH = YES;
				COPY_PHASE_STRIP = NO;
				DEBUG_INFORMATION_FORMAT = "dwarf-with-dsym";
				ENABLE_NS_ASSERTIONS = NO;
				ENABLE_STRICT_OBJC_MSGSEND = YES;
				GCC_C_LANGUAGE_STANDARD = gnu11;
				GCC_NO_COMMON_BLOCKS = YES;
				GCC_WARN_64_TO_32_BIT_CONVERSION = YES;
				GCC_WARN_ABOUT_RETURN_TYPE = YES_ERROR;
				GCC_WARN_UNDECLARED_SELECTOR = YES;
				GCC_WARN_UNINITIALIZED_AUTOS = YES_AGGRESSIVE;
				GCC_WARN_UNUSED_FUNCTION = YES;
				GCC_WARN_UNUSED_VARIABLE = YES;
				IPHONEOS_DEPLOYMENT_TARGET = 15.0;
				MTL_ENABLE_DEBUG_INFO = NO;
				MTL_FAST_MATH = YES;
				SDKROOT = iphoneos;
				SWIFT_COMPILATION_MODE = wholemodule;
				SWIFT_OPTIMIZATION_LEVEL = "-O";
				VALIDATE_PRODUCT = YES;
			};
			name = Release;
		};
		55AB9CD1284750A6001DEF61 /* Debug */ = {
			isa = XCBuildConfiguration;
			buildSettings = {
				ASSETCATALOG_COMPILER_APPICON_NAME = AppIcon;
				ASSETCATALOG_COMPILER_GLOBAL_ACCENT_COLOR_NAME = AccentColor;
				CODE_SIGN_STYLE = Automatic;
				CURRENT_PROJECT_VERSION = 1;
				DEVELOPMENT_ASSET_PATHS = "\"mininote/Preview Content\"";
				DEVELOPMENT_TEAM = PW97DDS2VR;
				ENABLE_PREVIEWS = YES;
				GENERATE_INFOPLIST_FILE = YES;
				INFOPLIST_KEY_UIApplicationSceneManifest_Generation = YES;
				INFOPLIST_KEY_UIApplicationSupportsIndirectInputEvents = YES;
				INFOPLIST_KEY_UILaunchScreen_Generation = YES;
				INFOPLIST_KEY_UISupportedInterfaceOrientations_iPad = "UIInterfaceOrientationPortrait UIInterfaceOrientationPortraitUpsideDown UIInterfaceOrientationLandscapeLeft UIInterfaceOrientationLandscapeRight";
				INFOPLIST_KEY_UISupportedInterfaceOrientations_iPhone = "UIInterfaceOrientationPortrait UIInterfaceOrientationLandscapeLeft UIInterfaceOrientationLandscapeRight";
				LD_RUNPATH_SEARCH_PATHS = (
					"$(inherited)",
					"@executable_path/Frameworks",
				);
				MARKETING_VERSION = 1.0;
				PRODUCT_BUNDLE_IDENTIFIER = com.rmit.mininote;
				PRODUCT_NAME = "$(TARGET_NAME)";
				SWIFT_EMIT_LOC_STRINGS = YES;
				SWIFT_VERSION = 5.0;
				TARGETED_DEVICE_FAMILY = "1,2";
			};
			name = Debug;
		};
		55AB9CD2284750A6001DEF61 /* Release */ = {
			isa = XCBuildConfiguration;
			buildSettings = {
				ASSETCATALOG_COMPILER_APPICON_NAME = AppIcon;
				ASSETCATALOG_COMPILER_GLOBAL_ACCENT_COLOR_NAME = AccentColor;
				CODE_SIGN_STYLE = Automatic;
				CURRENT_PROJECT_VERSION = 1;
				DEVELOPMENT_ASSET_PATHS = "\"mininote/Preview Content\"";
				DEVELOPMENT_TEAM = PW97DDS2VR;
				ENABLE_PREVIEWS = YES;
				GENERATE_INFOPLIST_FILE = YES;
				INFOPLIST_KEY_UIApplicationSceneManifest_Generation = YES;
				INFOPLIST_KEY_UIApplicationSupportsIndirectInputEvents = YES;
				INFOPLIST_KEY_UILaunchScreen_Generation = YES;
				INFOPLIST_KEY_UISupportedInterfaceOrientations_iPad = "UIInterfaceOrientationPortrait UIInterfaceOrientationPortraitUpsideDown UIInterfaceOrientationLandscapeLeft UIInterfaceOrientationLandscapeRight";
				INFOPLIST_KEY_UISupportedInterfaceOrientations_iPhone = "UIInterfaceOrientationPortrait UIInterfaceOrientationLandscapeLeft UIInterfaceOrientationLandscapeRight";
				LD_RUNPATH_SEARCH_PATHS = (
					"$(inherited)",
					"@executable_path/Frameworks",
				);
				MARKETING_VERSION = 1.0;
				PRODUCT_BUNDLE_IDENTIFIER = com.rmit.mininote;
				PRODUCT_NAME = "$(TARGET_NAME)";
				SWIFT_EMIT_LOC_STRINGS = YES;
				SWIFT_VERSION = 5.0;
				TARGETED_DEVICE_FAMILY = "1,2";
			};
			name = Release;
		};
/* End XCBuildConfiguration section */

/* Begin XCConfigurationList section */
		55AB9CBD284750A3001DEF61 /* Build configuration list for PBXProject "mininote" */ = {
			isa = XCConfigurationList;
			buildConfigurations = (
				55AB9CCE284750A6001DEF61 /* Debug */,
				55AB9CCF284750A6001DEF61 /* Release */,
			);
			defaultConfigurationIsVisible = 0;
			defaultConfigurationName = Release;
		};
		55AB9CD0284750A6001DEF61 /* Build configuration list for PBXNativeTarget "mininote" */ = {
			isa = XCConfigurationList;
			buildConfigurations = (
				55AB9CD1284750A6001DEF61 /* Debug */,
				55AB9CD2284750A6001DEF61 /* Release */,
			);
			defaultConfigurationIsVisible = 0;
			defaultConfigurationName = Release;
		};
/* End XCConfigurationList section */
	};
	rootObject = 55AB9CBA284750A3001DEF61 /* Project object */;
}
